
Microsoft Visual Studio Solution File, Format Version 12.00
# Visual Studio Version 16
VisualStudioVersion = 16.0.30406.217
MinimumVisualStudioVersion = 10.0.40219.1
Project("{9A19103F-16F7-4668-BE54-9A1E7A4F7556}") = "DanielsHunter", "DanielsHunter\DanielsHunter.csproj", "{31144B46-E8F1-44E6-A208-504B6B8811FD}"
	ProjectSection(ProjectDependencies) = postProject
		{967BBCB1-AB94-4B15-AF06-359DED7C6AC9} = {967BBCB1-AB94-4B15-AF06-359DED7C6AC9}
		{0333DEFD-FD32-48A4-86F8-4A3027784E57} = {0333DEFD-FD32-48A4-86F8-4A3027784E57}
	EndProjectSection
EndProject
Project("{9A19103F-16F7-4668-BE54-9A1E7A4F7556}") = "DanielsHunter.Domain", "DanielsHunter.Domain\DanielsHunter.Domain.csproj", "{967BBCB1-AB94-4B15-AF06-359DED7C6AC9}"
EndProject
Project("{9A19103F-16F7-4668-BE54-9A1E7A4F7556}") = "DanielsHunter.App", "DanielsHunter.App\DanielsHunter.App.csproj", "{0333DEFD-FD32-48A4-86F8-4A3027784E57}"
EndProject
Project("{FAE04EC0-301F-11D3-BF4B-00C04F79EFBC}") = "DanielsHunter.App.Tests", "DanielsHunter.App.Tests\DanielsHunter.App.Tests.csproj", "{3111DC85-8908-48DD-824A-CC1074D7416B}"
EndProject
Global
	GlobalSection(SolutionConfigurationPlatforms) = preSolution
		Debug|Any CPU = Debug|Any CPU
		Release|Any CPU = Release|Any CPU
	EndGlobalSection
	GlobalSection(ProjectConfigurationPlatforms) = postSolution
		{31144B46-E8F1-44E6-A208-504B6B8811FD}.Debug|Any CPU.ActiveCfg = Debug|Any CPU
		{31144B46-E8F1-44E6-A208-504B6B8811FD}.Debug|Any CPU.Build.0 = Debug|Any CPU
		{31144B46-E8F1-44E6-A208-504B6B8811FD}.Release|Any CPU.ActiveCfg = Release|Any CPU
		{31144B46-E8F1-44E6-A208-504B6B8811FD}.Release|Any CPU.Build.0 = Release|Any CPU
		{967BBCB1-AB94-4B15-AF06-359DED7C6AC9}.Debug|Any CPU.ActiveCfg = Debug|Any CPU
		{967BBCB1-AB94-4B15-AF06-359DED7C6AC9}.Debug|Any CPU.Build.0 = Debug|Any CPU
		{967BBCB1-AB94-4B15-AF06-359DED7C6AC9}.Release|Any CPU.ActiveCfg = Release|Any CPU
		{967BBCB1-AB94-4B15-AF06-359DED7C6AC9}.Release|Any CPU.Build.0 = Release|Any CPU
		{0333DEFD-FD32-48A4-86F8-4A3027784E57}.Debug|Any CPU.ActiveCfg = Debug|Any CPU
		{0333DEFD-FD32-48A4-86F8-4A3027784E57}.Debug|Any CPU.Build.0 = Debug|Any CPU
		{0333DEFD-FD32-48A4-86F8-4A3027784E57}.Release|Any CPU.ActiveCfg = Release|Any CPU
		{0333DEFD-FD32-48A4-86F8-4A3027784E57}.Release|Any CPU.Build.0 = Release|Any CPU
		{3111DC85-8908-48DD-824A-CC1074D7416B}.Debug|Any CPU.ActiveCfg = Debug|Any CPU
		{3111DC85-8908-48DD-824A-CC1074D7416B}.Debug|Any CPU.Build.0 = Debug|Any CPU
		{3111DC85-8908-48DD-824A-CC1074D7416B}.Release|Any CPU.ActiveCfg = Release|Any CPU
		{3111DC85-8908-48DD-824A-CC1074D7416B}.Release|Any CPU.Build.0 = Release|Any CPU
	EndGlobalSection
	GlobalSection(SolutionProperties) = preSolution
		HideSolutionNode = FALSE
	EndGlobalSection
	GlobalSection(ExtensibilityGlobals) = postSolution
		SolutionGuid = {4476559F-E43A-4B1D-9AA3-28FA6C512F0D}
	EndGlobalSection
EndGlobal
